PODS:
  - DynamicMobileVLCKit (3.3.0)

DEPENDENCIES:
  - DynamicMobileVLCKit (from `../../../build/Debug-iphonesimulator`)

EXTERNAL SOURCES:
  DynamicMobileVLCKit:
    :path: "../../../build/Debug-iphonesimulator"

SPEC CHECKSUMS:
  DynamicMobileVLCKit: c53a1dc364edf87a5a3a5c1f503501fe4bd58dc5

PODFILE CHECKSUM: 8ae13b72f589eb3d722cbababf96528ac9397d94

COCOAPODS: 1.9.0
