PODS:
  - DynamicMobileVLCKit (3.3.0)

DEPENDENCIES:
  - DynamicMobileVLCKit (from `../../../`)

EXTERNAL SOURCES:
  DynamicMobileVLCKit:
    :path: "../../../"

SPEC CHECKSUMS:
  DynamicMobileVLCKit: c53a1dc364edf87a5a3a5c1f503501fe4bd58dc5

PODFILE CHECKSUM: bc600bf6e3d4930bd46540a32e834c912971019b

COCOAPODS: 1.9.0
